
Microsoft Visual Studio Solution File, Format Version 12.00
# Visual Studio Version 17
VisualStudioVersion = 17.12.35707.178
MinimumVisualStudioVersion = 10.0.40219.1
Project("{2150E333-8FDC-42A3-9474-1A3956D46DE8}") = "src", "src", "{859D6F0A-DED7-43E4-BF85-30EAFD4418CF}"
EndProject
Project("{2150E333-8FDC-42A3-9474-1A3956D46DE8}") = "tests", "tests", "{8423172C-1CDA-4043-8040-6FB12D88D1D5}"
EndProject
Project("{2150E333-8FDC-42A3-9474-1A3956D46DE8}") = "frontend", "frontend", "{87FE16CA-8801-4008-85EB-5C97FF19CD2F}"
EndProject
Project("{2150E333-8FDC-42A3-9474-1A3956D46DE8}") = "backend", "backend", "{FF383CF7-127A-48BD-9866-293ABB09637B}"
	ProjectSection(SolutionItems) = preProject
		Directory.Build.props = Directory.Build.props
	EndProjectSection
EndProject
Project("{FAE04EC0-301F-11D3-BF4B-00C04F79EFBC}") = "TourGuideFamily.WebApi", "src\backend\TourGuideFamily.WebApi\TourGuideFamily.WebApi.csproj", "{3CF06D5F-1F41-4E5D-BF14-3381F0E86F9E}"
EndProject
Project("{54A90642-561A-4BB1-A94E-469ADEE60C69}") = "web.client", "src\frontend\web.client\web.client.esproj", "{BF0A679A-ED6A-43DA-AD18-186E3579DA20}"
EndProject
Project("{FAE04EC0-301F-11D3-BF4B-00C04F79EFBC}") = "TourGuideFamily.Dal", "src\backend\TourGuideFamily.Dal\TourGuideFamily.Dal.csproj", "{E06B7FC0-F8FA-4BF0-9CBD-E7808B732789}"
EndProject
Project("{FAE04EC0-301F-11D3-BF4B-00C04F79EFBC}") = "TourGuideFamily.Domain", "src\backend\TourGuideFamily.Domain\TourGuideFamily.Domain.csproj", "{813E914F-0701-40F5-8DB7-05C353A851B2}"
EndProject
Project("{2150E333-8FDC-42A3-9474-1A3956D46DE8}") = "s3", "s3", "{01B30EE8-CA61-4758-824F-33E842BC6397}"
EndProject
Project("{FAE04EC0-301F-11D3-BF4B-00C04F79EFBC}") = "Storage.Bll", "src\backend\s3\Storage.Bll\Storage.Bll.csproj", "{484F192A-2EDD-4E2E-819C-A05080A05A65}"
EndProject
Project("{FAE04EC0-301F-11D3-BF4B-00C04F79EFBC}") = "TourGuideFamily.Bll", "src\backend\TourGuideFamily.Bll\TourGuideFamily.Bll.csproj", "{45652F9F-3BD7-48E7-A8BB-E093073A0732}"
EndProject
Project("{FAE04EC0-301F-11D3-BF4B-00C04F79EFBC}") = "Storage.WebApi", "src\backend\s3\Storage.WebApi\Storage.WebApi.csproj", "{56C6759A-7126-48D5-B8C1-7954D837025A}"
EndProject
Project("{FAE04EC0-301F-11D3-BF4B-00C04F79EFBC}") = "Storage.GrpcContracts", "src\backend\s3\Storage.GrpcContracts\Storage.GrpcContracts.csproj", "{E4588BE2-FA18-4755-99AB-B5093FF31B8B}"
EndProject
Global
	GlobalSection(SolutionConfigurationPlatforms) = preSolution
		Debug|Any CPU = Debug|Any CPU
		Release|Any CPU = Release|Any CPU
	EndGlobalSection
	GlobalSection(ProjectConfigurationPlatforms) = postSolution
		{3CF06D5F-1F41-4E5D-BF14-3381F0E86F9E}.Debug|Any CPU.ActiveCfg = Debug|Any CPU
		{3CF06D5F-1F41-4E5D-BF14-3381F0E86F9E}.Debug|Any CPU.Build.0 = Debug|Any CPU
		{3CF06D5F-1F41-4E5D-BF14-3381F0E86F9E}.Release|Any CPU.ActiveCfg = Release|Any CPU
		{3CF06D5F-1F41-4E5D-BF14-3381F0E86F9E}.Release|Any CPU.Build.0 = Release|Any CPU
		{BF0A679A-ED6A-43DA-AD18-186E3579DA20}.Debug|Any CPU.ActiveCfg = Debug|Any CPU
		{BF0A679A-ED6A-43DA-AD18-186E3579DA20}.Debug|Any CPU.Build.0 = Debug|Any CPU
		{BF0A679A-ED6A-43DA-AD18-186E3579DA20}.Debug|Any CPU.Deploy.0 = Debug|Any CPU
		{BF0A679A-ED6A-43DA-AD18-186E3579DA20}.Release|Any CPU.ActiveCfg = Release|Any CPU
		{BF0A679A-ED6A-43DA-AD18-186E3579DA20}.Release|Any CPU.Build.0 = Release|Any CPU
		{BF0A679A-ED6A-43DA-AD18-186E3579DA20}.Release|Any CPU.Deploy.0 = Release|Any CPU
		{E06B7FC0-F8FA-4BF0-9CBD-E7808B732789}.Debug|Any CPU.ActiveCfg = Debug|Any CPU
		{E06B7FC0-F8FA-4BF0-9CBD-E7808B732789}.Debug|Any CPU.Build.0 = Debug|Any CPU
		{E06B7FC0-F8FA-4BF0-9CBD-E7808B732789}.Release|Any CPU.ActiveCfg = Release|Any CPU
		{E06B7FC0-F8FA-4BF0-9CBD-E7808B732789}.Release|Any CPU.Build.0 = Release|Any CPU
		{813E914F-0701-40F5-8DB7-05C353A851B2}.Debug|Any CPU.ActiveCfg = Debug|Any CPU
		{813E914F-0701-40F5-8DB7-05C353A851B2}.Debug|Any CPU.Build.0 = Debug|Any CPU
		{813E914F-0701-40F5-8DB7-05C353A851B2}.Release|Any CPU.ActiveCfg = Release|Any CPU
		{813E914F-0701-40F5-8DB7-05C353A851B2}.Release|Any CPU.Build.0 = Release|Any CPU
		{484F192A-2EDD-4E2E-819C-A05080A05A65}.Debug|Any CPU.ActiveCfg = Debug|Any CPU
		{484F192A-2EDD-4E2E-819C-A05080A05A65}.Debug|Any CPU.Build.0 = Debug|Any CPU
		{484F192A-2EDD-4E2E-819C-A05080A05A65}.Release|Any CPU.ActiveCfg = Release|Any CPU
		{484F192A-2EDD-4E2E-819C-A05080A05A65}.Release|Any CPU.Build.0 = Release|Any CPU
		{45652F9F-3BD7-48E7-A8BB-E093073A0732}.Debug|Any CPU.ActiveCfg = Debug|Any CPU
		{45652F9F-3BD7-48E7-A8BB-E093073A0732}.Debug|Any CPU.Build.0 = Debug|Any CPU
		{45652F9F-3BD7-48E7-A8BB-E093073A0732}.Release|Any CPU.ActiveCfg = Release|Any CPU
		{45652F9F-3BD7-48E7-A8BB-E093073A0732}.Release|Any CPU.Build.0 = Release|Any CPU
		{56C6759A-7126-48D5-B8C1-7954D837025A}.Debug|Any CPU.ActiveCfg = Debug|Any CPU
		{56C6759A-7126-48D5-B8C1-7954D837025A}.Debug|Any CPU.Build.0 = Debug|Any CPU
		{56C6759A-7126-48D5-B8C1-7954D837025A}.Release|Any CPU.ActiveCfg = Release|Any CPU
		{56C6759A-7126-48D5-B8C1-7954D837025A}.Release|Any CPU.Build.0 = Release|Any CPU
		{E4588BE2-FA18-4755-99AB-B5093FF31B8B}.Debug|Any CPU.ActiveCfg = Debug|Any CPU
		{E4588BE2-FA18-4755-99AB-B5093FF31B8B}.Debug|Any CPU.Build.0 = Debug|Any CPU
		{E4588BE2-FA18-4755-99AB-B5093FF31B8B}.Release|Any CPU.ActiveCfg = Release|Any CPU
		{E4588BE2-FA18-4755-99AB-B5093FF31B8B}.Release|Any CPU.Build.0 = Release|Any CPU
	EndGlobalSection
	GlobalSection(SolutionProperties) = preSolution
		HideSolutionNode = FALSE
	EndGlobalSection
	GlobalSection(NestedProjects) = preSolution
		{87FE16CA-8801-4008-85EB-5C97FF19CD2F} = {859D6F0A-DED7-43E4-BF85-30EAFD4418CF}
		{FF383CF7-127A-48BD-9866-293ABB09637B} = {859D6F0A-DED7-43E4-BF85-30EAFD4418CF}
		{3CF06D5F-1F41-4E5D-BF14-3381F0E86F9E} = {FF383CF7-127A-48BD-9866-293ABB09637B}
		{BF0A679A-ED6A-43DA-AD18-186E3579DA20} = {87FE16CA-8801-4008-85EB-5C97FF19CD2F}
		{E06B7FC0-F8FA-4BF0-9CBD-E7808B732789} = {FF383CF7-127A-48BD-9866-293ABB09637B}
		{813E914F-0701-40F5-8DB7-05C353A851B2} = {FF383CF7-127A-48BD-9866-293ABB09637B}
		{01B30EE8-CA61-4758-824F-33E842BC6397} = {FF383CF7-127A-48BD-9866-293ABB09637B}
		{484F192A-2EDD-4E2E-819C-A05080A05A65} = {01B30EE8-CA61-4758-824F-33E842BC6397}
		{45652F9F-3BD7-48E7-A8BB-E093073A0732} = {FF383CF7-127A-48BD-9866-293ABB09637B}
		{56C6759A-7126-48D5-B8C1-7954D837025A} = {01B30EE8-CA61-4758-824F-33E842BC6397}
		{E4588BE2-FA18-4755-99AB-B5093FF31B8B} = {01B30EE8-CA61-4758-824F-33E842BC6397}
	EndGlobalSection
EndGlobal
